
Microsoft Visual Studio Solution File, Format Version 12.00
# Visual Studio Version 17
VisualStudioVersion = 17.14.36310.24 d17.14
MinimumVisualStudioVersion = 10.0.40219.1
Project("{FAE04EC0-301F-11D3-BF4B-00C04F79EFBC}") = "PdfAnalyzer.Api", "PdfAnalyzer.Api\PdfAnalyzer.Api.csproj", "{E69B764D-7950-421C-89B5-F194DA200C4F}"
EndProject
Global
	GlobalSection(SolutionConfigurationPlatforms) = preSolution
		Debug|Any CPU = Debug|Any CPU
		Release|Any CPU = Release|Any CPU
	EndGlobalSection
	GlobalSection(ProjectConfigurationPlatforms) = postSolution
		{E69B764D-7950-421C-89B5-F194DA200C4F}.Debug|Any CPU.ActiveCfg = Debug|Any CPU
		{E69B764D-7950-421C-89B5-F194DA200C4F}.Debug|Any CPU.Build.0 = Debug|Any CPU
		{E69B764D-7950-421C-89B5-F194DA200C4F}.Release|Any CPU.ActiveCfg = Release|Any CPU
		{E69B764D-7950-421C-89B5-F194DA200C4F}.Release|Any CPU.Build.0 = Release|Any CPU
	EndGlobalSection
	GlobalSection(SolutionProperties) = preSolution
		HideSolutionNode = FALSE
	EndGlobalSection
	GlobalSection(ExtensibilityGlobals) = postSolution
		SolutionGuid = {061214A6-614B-49DB-9A1E-685D65000D4B}
	EndGlobalSection
EndGlobal
